
Microsoft Visual Studio Solution File, Format Version 12.00
# Visual Studio Version 17
VisualStudioVersion = 17.12.35527.113
MinimumVisualStudioVersion = 10.0.40219.1
Project("{FAE04EC0-301F-11D3-BF4B-00C04F79EFBC}") = "API", "Reactivities\API.csproj", "{6FB5112D-EEDB-47CE-9094-9538E47E0C4B}"
EndProject
Project("{FAE04EC0-301F-11D3-BF4B-00C04F79EFBC}") = "Domain", "Domain\Domain.csproj", "{97D1BC46-05A9-4A86-9676-FC97616DEBF2}"
EndProject
Project("{FAE04EC0-301F-11D3-BF4B-00C04F79EFBC}") = "Persistence", "Persistence\Persistence.csproj", "{74881D47-6C0A-4BDA-A059-381219B326DB}"
EndProject
Project("{FAE04EC0-301F-11D3-BF4B-00C04F79EFBC}") = "Application", "Application\Application.csproj", "{489A8C2D-B65A-4745-BE71-9794F0136024}"
EndProject
Global
	GlobalSection(SolutionConfigurationPlatforms) = preSolution
		Debug|Any CPU = Debug|Any CPU
		Release|Any CPU = Release|Any CPU
	EndGlobalSection
	GlobalSection(ProjectConfigurationPlatforms) = postSolution
		{6FB5112D-EEDB-47CE-9094-9538E47E0C4B}.Debug|Any CPU.ActiveCfg = Debug|Any CPU
		{6FB5112D-EEDB-47CE-9094-9538E47E0C4B}.Debug|Any CPU.Build.0 = Debug|Any CPU
		{6FB5112D-EEDB-47CE-9094-9538E47E0C4B}.Release|Any CPU.ActiveCfg = Release|Any CPU
		{6FB5112D-EEDB-47CE-9094-9538E47E0C4B}.Release|Any CPU.Build.0 = Release|Any CPU
		{97D1BC46-05A9-4A86-9676-FC97616DEBF2}.Debug|Any CPU.ActiveCfg = Debug|Any CPU
		{97D1BC46-05A9-4A86-9676-FC97616DEBF2}.Debug|Any CPU.Build.0 = Debug|Any CPU
		{97D1BC46-05A9-4A86-9676-FC97616DEBF2}.Release|Any CPU.ActiveCfg = Release|Any CPU
		{97D1BC46-05A9-4A86-9676-FC97616DEBF2}.Release|Any CPU.Build.0 = Release|Any CPU
		{74881D47-6C0A-4BDA-A059-381219B326DB}.Debug|Any CPU.ActiveCfg = Debug|Any CPU
		{74881D47-6C0A-4BDA-A059-381219B326DB}.Debug|Any CPU.Build.0 = Debug|Any CPU
		{74881D47-6C0A-4BDA-A059-381219B326DB}.Release|Any CPU.ActiveCfg = Release|Any CPU
		{74881D47-6C0A-4BDA-A059-381219B326DB}.Release|Any CPU.Build.0 = Release|Any CPU
		{489A8C2D-B65A-4745-BE71-9794F0136024}.Debug|Any CPU.ActiveCfg = Debug|Any CPU
		{489A8C2D-B65A-4745-BE71-9794F0136024}.Debug|Any CPU.Build.0 = Debug|Any CPU
		{489A8C2D-B65A-4745-BE71-9794F0136024}.Release|Any CPU.ActiveCfg = Release|Any CPU
		{489A8C2D-B65A-4745-BE71-9794F0136024}.Release|Any CPU.Build.0 = Release|Any CPU
	EndGlobalSection
	GlobalSection(SolutionProperties) = preSolution
		HideSolutionNode = FALSE
	EndGlobalSection
EndGlobal
